
Microsoft Visual Studio Solution File, Format Version 12.00
# Visual Studio Version 16
VisualStudioVersion = 16.0.31729.503
MinimumVisualStudioVersion = 10.0.40219.1
Project("{FAE04EC0-301F-11D3-BF4B-00C04F79EFBC}") = "ExamenII_OscarMedina", "ExamenII_OscarMedina.csproj", "{32353B44-626D-4064-B13C-16571E7A19E0}"
EndProject
Global
	GlobalSection(SolutionConfigurationPlatforms) = preSolution
		Debug|Any CPU = Debug|Any CPU
		Release|Any CPU = Release|Any CPU
	EndGlobalSection
	GlobalSection(ProjectConfigurationPlatforms) = postSolution
		{32353B44-626D-4064-B13C-16571E7A19E0}.Debug|Any CPU.ActiveCfg = Debug|Any CPU
		{32353B44-626D-4064-B13C-16571E7A19E0}.Debug|Any CPU.Build.0 = Debug|Any CPU
		{32353B44-626D-4064-B13C-16571E7A19E0}.Release|Any CPU.ActiveCfg = Release|Any CPU
		{32353B44-626D-4064-B13C-16571E7A19E0}.Release|Any CPU.Build.0 = Release|Any CPU
	EndGlobalSection
	GlobalSection(SolutionProperties) = preSolution
		HideSolutionNode = FALSE
	EndGlobalSection
	GlobalSection(ExtensibilityGlobals) = postSolution
		SolutionGuid = {2D5EA5D5-BC8F-4028-AA57-5236232562E2}
	EndGlobalSection
EndGlobal
